// !$*UTF8*$!
{
	archiveVersion = 1;
	classes = {
	};
	objectVersion = 46;
	objects = {

/* Begin PBXBuildFile section */
		04E31ED21D069FED009A30D4 /* main.m in Sources */ = {isa = PBXBuildFile; fileRef = 04E31ED11D069FED009A30D4 /* main.m */; };
		04E31ED51D069FED009A30D4 /* AppDelegate.m in Sources */ = {isa = PBXBuildFile; fileRef = 04E31ED41D069FED009A30D4 /* AppDelegate.m */; };
		04E31ED81D069FED009A30D4 /* ViewController.m in Sources */ = {isa = PBXBuildFile; fileRef = 04E31ED71D069FED009A30D4 /* ViewController.m */; };
		04E31EDB1D069FED009A30D4 /* Main.storyboard in Resources */ = {isa = PBXBuildFile; fileRef = 04E31ED91D069FED009A30D4 /* Main.storyboard */; };
		04E31EDD1D069FED009A30D4 /* Assets.xcassets in Resources */ = {isa = PBXBuildFile; fileRef = 04E31EDC1D069FED009A30D4 /* Assets.xcassets */; };
		04E31EE01D069FED009A30D4 /* LaunchScreen.storyboard in Resources */ = {isa = PBXBuildFile; fileRef = 04E31EDE1D069FED009A30D4 /* LaunchScreen.storyboard */; };
		04E31EEB1D069FED009A30D4 /* ShareTests.m in Sources */ = {isa = PBXBuildFile; fileRef = 04E31EEA1D069FED009A30D4 /* ShareTests.m */; };
		04E31EF61D069FED009A30D4 /* ShareUITests.m in Sources */ = {isa = PBXBuildFile; fileRef = 04E31EF51D069FED009A30D4 /* ShareUITests.m */; };
		04E31F071D06B7D4009A30D4 /* libWeChatSDK.a in Frameworks */ = {isa = PBXBuildFile; fileRef = 04E31F061D06B7D4009A30D4 /* libWeChatSDK.a */; };
		04E31F091D06BAC2009A30D4 /* SystemConfiguration.framework in Frameworks */ = {isa = PBXBuildFile; fileRef = 04E31F081D06BAC2009A30D4 /* SystemConfiguration.framework */; };
		04E31F0B1D06BADD009A30D4 /* libz.tbd in Frameworks */ = {isa = PBXBuildFile; fileRef = 04E31F0A1D06BADD009A30D4 /* libz.tbd */; };
		04E31F0D1D06BAEA009A30D4 /* libsqlite3.tbd in Frameworks */ = {isa = PBXBuildFile; fileRef = 04E31F0C1D06BAEA009A30D4 /* libsqlite3.tbd */; };
		04E31F0F1D06BB36009A30D4 /* CoreTelephony.framework in Frameworks */ = {isa = PBXBuildFile; fileRef = 04E31F0E1D06BB36009A30D4 /* CoreTelephony.framework */; };
		04E31F161D06BEE9009A30D4 /* libc++.1.tbd in Frameworks */ = {isa = PBXBuildFile; fileRef = 04E31F151D06BEE9009A30D4 /* libc++.1.tbd */; };
/* End PBXBuildFile section */

/* Begin PBXContainerItemProxy section */
		04E31EE71D069FED009A30D4 /* PBXContainerItemProxy */ = {
			isa = PBXContainerItemProxy;
			containerPortal = 04E31EC51D069FED009A30D4 /* Project object */;
			proxyType = 1;
			remoteGlobalIDString = 04E31ECC1D069FED009A30D4;
			remoteInfo = Share;
		};
		04E31EF21D069FED009A30D4 /* PBXContainerItemProxy */ = {
			isa = PBXContainerItemProxy;
			containerPortal = 04E31EC51D069FED009A30D4 /* Project object */;
			proxyType = 1;
			remoteGlobalIDString = 04E31ECC1D069FED009A30D4;
			remoteInfo = Share;
		};
/* End PBXContainerItemProxy section */

/* Begin PBXFileReference section */
		04E31ECD1D069FED009A30D4 /* Share.app */ = {isa = PBXFileReference; explicitFileType = wrapper.application; includeInIndex = 0; path = Share.app; sourceTree = BUILT_PRODUCTS_DIR; };
		04E31ED11D069FED009A30D4 /* main.m */ = {isa = PBXFileReference; lastKnownFileType = sourcecode.c.objc; path = main.m; sourceTree = "<group>"; };
		04E31ED31D069FED009A30D4 /* AppDelegate.h */ = {isa = PBXFileReference; lastKnownFileType = sourcecode.c.h; path = AppDelegate.h; sourceTree = "<group>"; };
		04E31ED41D069FED009A30D4 /* AppDelegate.m */ = {isa = PBXFileReference; lastKnownFileType = sourcecode.c.objc; path = AppDelegate.m; sourceTree = "<group>"; };
		04E31ED61D069FED009A30D4 /* ViewController.h */ = {isa = PBXFileReference; lastKnownFileType = sourcecode.c.h; path = ViewController.h; sourceTree = "<group>"; };
		04E31ED71D069FED009A30D4 /* ViewController.m */ = {isa = PBXFileReference; lastKnownFileType = sourcecode.c.objc; path = ViewController.m; sourceTree = "<group>"; };
		04E31EDA1D069FED009A30D4 /* Base */ = {isa = PBXFileReference; lastKnownFileType = file.storyboard; name = Base; path = Base.lproj/Main.storyboard; sourceTree = "<group>"; };
		04E31EDC1D069FED009A30D4 /* Assets.xcassets */ = {isa = PBXFileReference; lastKnownFileType = folder.assetcatalog; path = Assets.xcassets; sourceTree = "<group>"; };
		04E31EDF1D069FED009A30D4 /* Base */ = {isa = PBXFileReference; lastKnownFileType = file.storyboard; name = Base; path = Base.lproj/LaunchScreen.storyboard; sourceTree = "<group>"; };
		04E31EE11D069FED009A30D4 /* Info.plist */ = {isa = PBXFileReference; lastKnownFileType = text.plist.xml; path = Info.plist; sourceTree = "<group>"; };
		04E31EE61D069FED009A30D4 /* ShareTests.xctest */ = {isa = PBXFileReference; explicitFileType = wrapper.cfbundle; includeInIndex = 0; path = ShareTests.xctest; sourceTree = BUILT_PRODUCTS_DIR; };
		04E31EEA1D069FED009A30D4 /* ShareTests.m */ = {isa = PBXFileReference; lastKnownFileType = sourcecode.c.objc; path = ShareTests.m; sourceTree = "<group>"; };
		04E31EEC1D069FED009A30D4 /* Info.plist */ = {isa = PBXFileReference; lastKnownFileType = text.plist.xml; path = Info.plist; sourceTree = "<group>"; };
		04E31EF11D069FED009A30D4 /* ShareUITests.xctest */ = {isa = PBXFileReference; explicitFileType = wrapper.cfbundle; includeInIndex = 0; path = ShareUITests.xctest; sourceTree = BUILT_PRODUCTS_DIR; };
		04E31EF51D069FED009A30D4 /* ShareUITests.m */ = {isa = PBXFileReference; lastKnownFileType = sourcecode.c.objc; path = ShareUITests.m; sourceTree = "<group>"; };
		04E31EF71D069FED009A30D4 /* Info.plist */ = {isa = PBXFileReference; lastKnownFileType = text.plist.xml; path = Info.plist; sourceTree = "<group>"; };
		04E31F031D06B7C6009A30D4 /* WechatAuthSDK.h */ = {isa = PBXFileReference; lastKnownFileType = sourcecode.c.h; path = WechatAuthSDK.h; sourceTree = "<group>"; };
		04E31F041D06B7C6009A30D4 /* WXApi.h */ = {isa = PBXFileReference; lastKnownFileType = sourcecode.c.h; path = WXApi.h; sourceTree = "<group>"; };
		04E31F051D06B7C6009A30D4 /* WXApiObject.h */ = {isa = PBXFileReference; lastKnownFileType = sourcecode.c.h; path = WXApiObject.h; sourceTree = "<group>"; };
		04E31F061D06B7D4009A30D4 /* libWeChatSDK.a */ = {isa = PBXFileReference; lastKnownFileType = archive.ar; path = libWeChatSDK.a; sourceTree = "<group>"; };
		04E31F081D06BAC2009A30D4 /* SystemConfiguration.framework */ = {isa = PBXFileReference; lastKnownFileType = wrapper.framework; name = SystemConfiguration.framework; path = System/Library/Frameworks/SystemConfiguration.framework; sourceTree = SDKROOT; };
		04E31F0A1D06BADD009A30D4 /* libz.tbd */ = {isa = PBXFileReference; lastKnownFileType = "sourcecode.text-based-dylib-definition"; name = libz.tbd; path = usr/lib/libz.tbd; sourceTree = SDKROOT; };
		04E31F0C1D06BAEA009A30D4 /* libsqlite3.tbd */ = {isa = PBXFileReference; lastKnownFileType = "sourcecode.text-based-dylib-definition"; name = libsqlite3.tbd; path = usr/lib/libsqlite3.tbd; sourceTree = SDKROOT; };
		04E31F0E1D06BB36009A30D4 /* CoreTelephony.framework */ = {isa = PBXFileReference; lastKnownFileType = wrapper.framework; name = CoreTelephony.framework; path = System/Library/Frameworks/CoreTelephony.framework; sourceTree = SDKROOT; };
		04E31F101D06BB69009A30D4 /* dylib1.o */ = {isa = PBXFileReference; lastKnownFileType = "compiled.mach-o.objfile"; name = dylib1.o; path = usr/lib/dylib1.o; sourceTree = SDKROOT; };
		04E31F151D06BEE9009A30D4 /* libc++.1.tbd */ = {isa = PBXFileReference; lastKnownFileType = "sourcecode.text-based-dylib-definition"; name = "libc++.1.tbd"; path = "usr/lib/libc++.1.tbd"; sourceTree = SDKROOT; };
/* End PBXFileReference section */

/* Begin PBXFrameworksBuildPhase section */
		04E31ECA1D069FED009A30D4 /* Frameworks */ = {
			isa = PBXFrameworksBuildPhase;
			buildActionMask = 2147483647;
			files = (
				04E31F161D06BEE9009A30D4 /* libc++.1.tbd in Frameworks */,
				04E31F071D06B7D4009A30D4 /* libWeChatSDK.a in Frameworks */,
				04E31F0F1D06BB36009A30D4 /* CoreTelephony.framework in Frameworks */,
				04E31F091D06BAC2009A30D4 /* SystemConfiguration.framework in Frameworks */,
				04E31F0B1D06BADD009A30D4 /* libz.tbd in Frameworks */,
				04E31F0D1D06BAEA009A30D4 /* libsqlite3.tbd in Frameworks */,
			);
			runOnlyForDeploymentPostprocessing = 0;
		};
		04E31EE31D069FED009A30D4 /* Frameworks */ = {
			isa = PBXFrameworksBuildPhase;
			buildActionMask = 2147483647;
			files = (
			);
			runOnlyForDeploymentPostprocessing = 0;
		};
		04E31EEE1D069FED009A30D4 /* Frameworks */ = {
			isa = PBXFrameworksBuildPhase;
			buildActionMask = 2147483647;
			files = (
			);
			runOnlyForDeploymentPostprocessing = 0;
		};
/* End PBXFrameworksBuildPhase section */

/* Begin PBXGroup section */
		04E31EC41D069FED009A30D4 = {
			isa = PBXGroup;
			children = (
				04E31F141D06BCF2009A30D4 /* Frameworks */,
				04E31ECF1D069FED009A30D4 /* Share */,
				04E31EE91D069FED009A30D4 /* ShareTests */,
				04E31EF41D069FED009A30D4 /* ShareUITests */,
				04E31ECE1D069FED009A30D4 /* Products */,
			);
			sourceTree = "<group>";
		};
		04E31ECE1D069FED009A30D4 /* Products */ = {
			isa = PBXGroup;
			children = (
				04E31ECD1D069FED009A30D4 /* Share.app */,
				04E31EE61D069FED009A30D4 /* ShareTests.xctest */,
				04E31EF11D069FED009A30D4 /* ShareUITests.xctest */,
			);
			name = Products;
			sourceTree = "<group>";
		};
		04E31ECF1D069FED009A30D4 /* Share */ = {
			isa = PBXGroup;
			children = (
				04E31F171D06BF37009A30D4 /* weixinApi */,
				04E31ED31D069FED009A30D4 /* AppDelegate.h */,
				04E31ED41D069FED009A30D4 /* AppDelegate.m */,
				04E31ED61D069FED009A30D4 /* ViewController.h */,
				04E31ED71D069FED009A30D4 /* ViewController.m */,
				04E31ED91D069FED009A30D4 /* Main.storyboard */,
				04E31EDC1D069FED009A30D4 /* Assets.xcassets */,
				04E31EDE1D069FED009A30D4 /* LaunchScreen.storyboard */,
				04E31EE11D069FED009A30D4 /* Info.plist */,
				04E31ED01D069FED009A30D4 /* Supporting Files */,
			);
			path = Share;
			sourceTree = "<group>";
		};
		04E31ED01D069FED009A30D4 /* Supporting Files */ = {
			isa = PBXGroup;
			children = (
				04E31ED11D069FED009A30D4 /* main.m */,
			);
			name = "Supporting Files";
			sourceTree = "<group>";
		};
		04E31EE91D069FED009A30D4 /* ShareTests */ = {
			isa = PBXGroup;
			children = (
				04E31EEA1D069FED009A30D4 /* ShareTests.m */,
				04E31EEC1D069FED009A30D4 /* Info.plist */,
			);
			path = ShareTests;
			sourceTree = "<group>";
		};
		04E31EF41D069FED009A30D4 /* ShareUITests */ = {
			isa = PBXGroup;
			children = (
				04E31EF51D069FED009A30D4 /* ShareUITests.m */,
				04E31EF71D069FED009A30D4 /* Info.plist */,
			);
			path = ShareUITests;
			sourceTree = "<group>";
		};
		04E31F141D06BCF2009A30D4 /* Frameworks */ = {
			isa = PBXGroup;
			children = (
				04E31F101D06BB69009A30D4 /* dylib1.o */,
				04E31F0E1D06BB36009A30D4 /* CoreTelephony.framework */,
				04E31F0C1D06BAEA009A30D4 /* libsqlite3.tbd */,
				04E31F0A1D06BADD009A30D4 /* libz.tbd */,
				04E31F081D06BAC2009A30D4 /* SystemConfiguration.framework */,
				04E31F151D06BEE9009A30D4 /* libc++.1.tbd */,
			);
			name = Frameworks;
			sourceTree = "<group>";
		};
		04E31F171D06BF37009A30D4 /* weixinApi */ = {
			isa = PBXGroup;
			children = (
				04E31F061D06B7D4009A30D4 /* libWeChatSDK.a */,
				04E31F031D06B7C6009A30D4 /* WechatAuthSDK.h */,
				04E31F041D06B7C6009A30D4 /* WXApi.h */,
				04E31F051D06B7C6009A30D4 /* WXApiObject.h */,
			);
			name = weixinApi;
			sourceTree = "<group>";
		};
/* End PBXGroup section */

/* Begin PBXNativeTarget section */
		04E31ECC1D069FED009A30D4 /* Share */ = {
			isa = PBXNativeTarget;
			buildConfigurationList = 04E31EFA1D069FED009A30D4 /* Build configuration list for PBXNativeTarget "Share" */;
			buildPhases = (
				04E31EC91D069FED009A30D4 /* Sources */,
				04E31ECA1D069FED009A30D4 /* Frameworks */,
				04E31ECB1D069FED009A30D4 /* Resources */,
			);
			buildRules = (
			);
			dependencies = (
			);
			name = Share;
			productName = Share;
			productReference = 04E31ECD1D069FED009A30D4 /* Share.app */;
			productType = "com.apple.product-type.application";
		};
		04E31EE51D069FED009A30D4 /* ShareTests */ = {
			isa = PBXNativeTarget;
			buildConfigurationList = 04E31EFD1D069FED009A30D4 /* Build configuration list for PBXNativeTarget "ShareTests" */;
			buildPhases = (
				04E31EE21D069FED009A30D4 /* Sources */,
				04E31EE31D069FED009A30D4 /* Frameworks */,
				04E31EE41D069FED009A30D4 /* Resources */,
			);
			buildRules = (
			);
			dependencies = (
				04E31EE81D069FED009A30D4 /* PBXTargetDependency */,
			);
			name = ShareTests;
			productName = ShareTests;
			productReference = 04E31EE61D069FED009A30D4 /* ShareTests.xctest */;
			productType = "com.apple.product-type.bundle.unit-test";
		};
		04E31EF01D069FED009A30D4 /* ShareUITests */ = {
			isa = PBXNativeTarget;
			buildConfigurationList = 04E31F001D069FED009A30D4 /* Build configuration list for PBXNativeTarget "ShareUITests" */;
			buildPhases = (
				04E31EED1D069FED009A30D4 /* Sources */,
				04E31EEE1D069FED009A30D4 /* Frameworks */,
				04E31EEF1D069FED009A30D4 /* Resources */,
			);
			buildRules = (
			);
			dependencies = (
				04E31EF31D069FED009A30D4 /* PBXTargetDependency */,
			);
			name = ShareUITests;
			productName = ShareUITests;
			productReference = 04E31EF11D069FED009A30D4 /* ShareUITests.xctest */;
			productType = "com.apple.product-type.bundle.ui-testing";
		};
/* End PBXNativeTarget section */

/* Begin PBXProject section */
		04E31EC51D069FED009A30D4 /* Project object */ = {
			isa = PBXProject;
			attributes = {
				LastUpgradeCheck = 0730;
				ORGANIZATIONNAME = ZhenWei;
				TargetAttributes = {
					04E31ECC1D069FED009A30D4 = {
						CreatedOnToolsVersion = 7.3.1;
						DevelopmentTeam = US3V2JJL69;
					};
					04E31EE51D069FED009A30D4 = {
						CreatedOnToolsVersion = 7.3.1;
						TestTargetID = 04E31ECC1D069FED009A30D4;
					};
					04E31EF01D069FED009A30D4 = {
						CreatedOnToolsVersion = 7.3.1;
						TestTargetID = 04E31ECC1D069FED009A30D4;
					};
				};
			};
			buildConfigurationList = 04E31EC81D069FED009A30D4 /* Build configuration list for PBXProject "Share" */;
			compatibilityVersion = "Xcode 3.2";
			developmentRegion = English;
			hasScannedForEncodings = 0;
			knownRegions = (
				en,
				Base,
			);
			mainGroup = 04E31EC41D069FED009A30D4;
			productRefGroup = 04E31ECE1D069FED009A30D4 /* Products */;
			projectDirPath = "";
			projectRoot = "";
			targets = (
				04E31ECC1D069FED009A30D4 /* Share */,
				04E31EE51D069FED009A30D4 /* ShareTests */,
				04E31EF01D069FED009A30D4 /* ShareUITests */,
			);
		};
/* End PBXProject section */

/* Begin PBXResourcesBuildPhase section */
		04E31ECB1D069FED009A30D4 /* Resources */ = {
			isa = PBXResourcesBuildPhase;
			buildActionMask = 2147483647;
			files = (
				04E31EE01D069FED009A30D4 /* LaunchScreen.storyboard in Resources */,
				04E31EDD1D069FED009A30D4 /* Assets.xcassets in Resources */,
				04E31EDB1D069FED009A30D4 /* Main.storyboard in Resources */,
			);
			runOnlyForDeploymentPostprocessing = 0;
		};
		04E31EE41D069FED009A30D4 /* Resources */ = {
			isa = PBXResourcesBuildPhase;
			buildActionMask = 2147483647;
			files = (
			);
			runOnlyForDeploymentPostprocessing = 0;
		};
		04E31EEF1D069FED009A30D4 /* Resources */ = {
			isa = PBXResourcesBuildPhase;
			buildActionMask = 2147483647;
			files = (
			);
			runOnlyForDeploymentPostprocessing = 0;
		};
/* End PBXResourcesBuildPhase section */

/* Begin PBXSourcesBuildPhase section */
		04E31EC91D069FED009A30D4 /* Sources */ = {
			isa = PBXSourcesBuildPhase;
			buildActionMask = 2147483647;
			files = (
				04E31ED81D069FED009A30D4 /* ViewController.m in Sources */,
				04E31ED51D069FED009A30D4 /* AppDelegate.m in Sources */,
				04E31ED21D069FED009A30D4 /* main.m in Sources */,
			);
			runOnlyForDeploymentPostprocessing = 0;
		};
		04E31EE21D069FED009A30D4 /* Sources */ = {
			isa = PBXSourcesBuildPhase;
			buildActionMask = 2147483647;
			files = (
				04E31EEB1D069FED009A30D4 /* ShareTests.m in Sources */,
			);
			runOnlyForDeploymentPostprocessing = 0;
		};
		04E31EED1D069FED009A30D4 /* Sources */ = {
			isa = PBXSourcesBuildPhase;
			buildActionMask = 2147483647;
			files = (
				04E31EF61D069FED009A30D4 /* ShareUITests.m in Sources */,
			);
			runOnlyForDeploymentPostprocessing = 0;
		};
/* End PBXSourcesBuildPhase section */

/* Begin PBXTargetDependency section */
		04E31EE81D069FED009A30D4 /* PBXTargetDependency */ = {
			isa = PBXTargetDependency;
			target = 04E31ECC1D069FED009A30D4 /* Share */;
			targetProxy = 04E31EE71D069FED009A30D4 /* PBXContainerItemProxy */;
		};
		04E31EF31D069FED009A30D4 /* PBXTargetDependency */ = {
			isa = PBXTargetDependency;
			target = 04E31ECC1D069FED009A30D4 /* Share */;
			targetProxy = 04E31EF21D069FED009A30D4 /* PBXContainerItemProxy */;
		};
/* End PBXTargetDependency section */

/* Begin PBXVariantGroup section */
		04E31ED91D069FED009A30D4 /* Main.storyboard */ = {
			isa = PBXVariantGroup;
			children = (
				04E31EDA1D069FED009A30D4 /* Base */,
			);
			name = Main.storyboard;
			sourceTree = "<group>";
		};
		04E31EDE1D069FED009A30D4 /* LaunchScreen.storyboard */ = {
			isa = PBXVariantGroup;
			children = (
				04E31EDF1D069FED009A30D4 /* Base */,
			);
			name = LaunchScreen.storyboard;
			sourceTree = "<group>";
		};
/* End PBXVariantGroup section */

/* Begin XCBuildConfiguration section */
		04E31EF81D069FED009A30D4 /* Debug */ = {
			isa = XCBuildConfiguration;
			buildSettings = {
				ALWAYS_SEARCH_USER_PATHS = NO;
				CLANG_ANALYZER_NONNULL = YES;
				CLANG_CXX_LANGUAGE_STANDARD = "gnu++0x";
				CLANG_CXX_LIBRARY = "libc++";
				CLANG_ENABLE_MODULES = YES;
				CLANG_ENABLE_OBJC_ARC = YES;
				CLANG_WARN_BOOL_CONVERSION = YES;
				CLANG_WARN_CONSTANT_CONVERSION = YES;
				CLANG_WARN_DIRECT_OBJC_ISA_USAGE = YES_ERROR;
				CLANG_WARN_EMPTY_BODY = YES;
				CLANG_WARN_ENUM_CONVERSION = YES;
				CLANG_WARN_INT_CONVERSION = YES;
				CLANG_WARN_OBJC_ROOT_CLASS = YES_ERROR;
				CLANG_WARN_UNREACHABLE_CODE = YES;
				CLANG_WARN__DUPLICATE_METHOD_MATCH = YES;
				"CODE_SIGN_IDENTITY[sdk=iphoneos*]" = "iPhone Developer";
				COPY_PHASE_STRIP = NO;
				DEBUG_INFORMATION_FORMAT = dwarf;
				ENABLE_STRICT_OBJC_MSGSEND = YES;
				ENABLE_TESTABILITY = YES;
				GCC_C_LANGUAGE_STANDARD = gnu99;
				GCC_DYNAMIC_NO_PIC = NO;
				GCC_NO_COMMON_BLOCKS = YES;
				GCC_OPTIMIZATION_LEVEL = 0;
				GCC_PREPROCESSOR_DEFINITIONS = (
					"DEBUG=1",
					"$(inherited)",
				);
				GCC_WARN_64_TO_32_BIT_CONVERSION = YES;
				GCC_WARN_ABOUT_RETURN_TYPE = YES_ERROR;
				GCC_WARN_UNDECLARED_SELECTOR = YES;
				GCC_WARN_UNINITIALIZED_AUTOS = YES_AGGRESSIVE;
				GCC_WARN_UNUSED_FUNCTION = YES;
				GCC_WARN_UNUSED_VARIABLE = YES;
				IPHONEOS_DEPLOYMENT_TARGET = 9.3;
				MTL_ENABLE_DEBUG_INFO = YES;
				ONLY_ACTIVE_ARCH = YES;
				SDKROOT = iphoneos;
				TARGETED_DEVICE_FAMILY = "1,2";
			};
			name = Debug;
		};
		04E31EF91D069FED009A30D4 /* Release */ = {
			isa = XCBuildConfiguration;
			buildSettings = {
				ALWAYS_SEARCH_USER_PATHS = NO;
				CLANG_ANALYZER_NONNULL = YES;
				CLANG_CXX_LANGUAGE_STANDARD = "gnu++0x";
				CLANG_CXX_LIBRARY = "libc++";
				CLANG_ENABLE_MODULES = YES;
				CLANG_ENABLE_OBJC_ARC = YES;
				CLANG_WARN_BOOL_CONVERSION = YES;
				CLANG_WARN_CONSTANT_CONVERSION = YES;
				CLANG_WARN_DIRECT_OBJC_ISA_USAGE = YES_ERROR;
				CLANG_WARN_EMPTY_BODY = YES;
				CLANG_WARN_ENUM_CONVERSION = YES;
				CLANG_WARN_INT_CONVERSION = YES;
				CLANG_WARN_OBJC_ROOT_CLASS = YES_ERROR;
				CLANG_WARN_UNREACHABLE_CODE = YES;
				CLANG_WARN__DUPLICATE_METHOD_MATCH = YES;
				"CODE_SIGN_IDENTITY[sdk=iphoneos*]" = "iPhone Developer";
				COPY_PHASE_STRIP = NO;
				DEBUG_INFORMATION_FORMAT = "dwarf-with-dsym";
				ENABLE_NS_ASSERTIONS = NO;
				ENABLE_STRICT_OBJC_MSGSEND = YES;
				GCC_C_LANGUAGE_STANDARD = gnu99;
				GCC_NO_COMMON_BLOCKS = YES;
				GCC_WARN_64_TO_32_BIT_CONVERSION = YES;
				GCC_WARN_ABOUT_RETURN_TYPE = YES_ERROR;
				GCC_WARN_UNDECLARED_SELECTOR = YES;
				GCC_WARN_UNINITIALIZED_AUTOS = YES_AGGRESSIVE;
				GCC_WARN_UNUSED_FUNCTION = YES;
				GCC_WARN_UNUSED_VARIABLE = YES;
				IPHONEOS_DEPLOYMENT_TARGET = 9.3;
				MTL_ENABLE_DEBUG_INFO = NO;
				SDKROOT = iphoneos;
				TARGETED_DEVICE_FAMILY = "1,2";
				VALIDATE_PRODUCT = YES;
			};
			name = Release;
		};
		04E31EFB1D069FED009A30D4 /* Debug */ = {
			isa = XCBuildConfiguration;
			buildSettings = {
				ASSETCATALOG_COMPILER_APPICON_NAME = AppIcon;
				CODE_SIGN_IDENTITY = "iPhone Developer";
				"CODE_SIGN_IDENTITY[sdk=iphoneos*]" = "iPhone Developer";
				ENABLE_BITCODE = YES;
				INFOPLIST_FILE = Share/Info.plist;
				IPHONEOS_DEPLOYMENT_TARGET = 7.0;
				LD_RUNPATH_SEARCH_PATHS = "$(inherited) @executable_path/Frameworks";
				LIBRARY_SEARCH_PATHS = (
					"$(inherited)",
					"$(PROJECT_DIR)/Share",
				);
				PRODUCT_BUNDLE_IDENTIFIER = com.zhenwei.123.Share;
				PRODUCT_NAME = "$(TARGET_NAME)";
				PROVISIONING_PROFILE = "";
			};
			name = Debug;
		};
		04E31EFC1D069FED009A30D4 /* Release */ = {
			isa = XCBuildConfiguration;
			buildSettings = {
				ASSETCATALOG_COMPILER_APPICON_NAME = AppIcon;
				CODE_SIGN_IDENTITY = "iPhone Developer";
				"CODE_SIGN_IDENTITY[sdk=iphoneos*]" = "iPhone Developer";
				ENABLE_BITCODE = YES;
				INFOPLIST_FILE = Share/Info.plist;
				IPHONEOS_DEPLOYMENT_TARGET = 7.0;
				LD_RUNPATH_SEARCH_PATHS = "$(inherited) @executable_path/Frameworks";
				LIBRARY_SEARCH_PATHS = (
					"$(inherited)",
					"$(PROJECT_DIR)/Share",
				);
				PRODUCT_BUNDLE_IDENTIFIER = com.zhenwei.123.Share;
				PRODUCT_NAME = "$(TARGET_NAME)";
				PROVISIONING_PROFILE = "";
			};
			name = Release;
		};
		04E31EFE1D069FED009A30D4 /* Debug */ = {
			isa = XCBuildConfiguration;
			buildSettings = {
				BUNDLE_LOADER = "$(TEST_HOST)";
				INFOPLIST_FILE = ShareTests/Info.plist;
				LD_RUNPATH_SEARCH_PATHS = "$(inherited) @executable_path/Frameworks @loader_path/Frameworks";
				PRODUCT_BUNDLE_IDENTIFIER = com.zhenwei.123.ShareTests;
				PRODUCT_NAME = "$(TARGET_NAME)";
				TEST_HOST = "$(BUILT_PRODUCTS_DIR)/Share.app/Share";
			};
			name = Debug;
		};
		04E31EFF1D069FED009A30D4 /* Release */ = {
			isa = XCBuildConfiguration;
			buildSettings = {
				BUNDLE_LOADER = "$(TEST_HOST)";
				INFOPLIST_FILE = ShareTests/Info.plist;
				LD_RUNPATH_SEARCH_PATHS = "$(inherited) @executable_path/Frameworks @loader_path/Frameworks";
				PRODUCT_BUNDLE_IDENTIFIER = com.zhenwei.123.ShareTests;
				PRODUCT_NAME = "$(TARGET_NAME)";
				TEST_HOST = "$(BUILT_PRODUCTS_DIR)/Share.app/Share";
			};
			name = Release;
		};
		04E31F011D069FED009A30D4 /* Debug */ = {
			isa = XCBuildConfiguration;
			buildSettings = {
				INFOPLIST_FILE = ShareUITests/Info.plist;
				LD_RUNPATH_SEARCH_PATHS = "$(inherited) @executable_path/Frameworks @loader_path/Frameworks";
				PRODUCT_BUNDLE_IDENTIFIER = com.zhenwei.123.ShareUITests;
				PRODUCT_NAME = "$(TARGET_NAME)";
				TEST_TARGET_NAME = Share;
			};
			name = Debug;
		};
		04E31F021D069FED009A30D4 /* Release */ = {
			isa = XCBuildConfiguration;
			buildSettings = {
				INFOPLIST_FILE = ShareUITests/Info.plist;
				LD_RUNPATH_SEARCH_PATHS = "$(inherited) @executable_path/Frameworks @loader_path/Frameworks";
				PRODUCT_BUNDLE_IDENTIFIER = com.zhenwei.123.ShareUITests;
				PRODUCT_NAME = "$(TARGET_NAME)";
				TEST_TARGET_NAME = Share;
			};
			name = Release;
		};
/* End XCBuildConfiguration section */

/* Begin XCConfigurationList section */
		04E31EC81D069FED009A30D4 /* Build configuration list for PBXProject "Share" */ = {
			isa = XCConfigurationList;
			buildConfigurations = (
				04E31EF81D069FED009A30D4 /* Debug */,
				04E31EF91D069FED009A30D4 /* Release */,
			);
			defaultConfigurationIsVisible = 0;
			defaultConfigurationName = Release;
		};
		04E31EFA1D069FED009A30D4 /* Build configuration list for PBXNativeTarget "Share" */ = {
			isa = XCConfigurationList;
			buildConfigurations = (
				04E31EFB1D069FED009A30D4 /* Debug */,
				04E31EFC1D069FED009A30D4 /* Release */,
			);
			defaultConfigurationIsVisible = 0;
		};
		04E31EFD1D069FED009A30D4 /* Build configuration list for PBXNativeTarget "ShareTests" */ = {
			isa = XCConfigurationList;
			buildConfigurations = (
				04E31EFE1D069FED009A30D4 /* Debug */,
				04E31EFF1D069FED009A30D4 /* Release */,
			);
			defaultConfigurationIsVisible = 0;
		};
		04E31F001D069FED009A30D4 /* Build configuration list for PBXNativeTarget "ShareUITests" */ = {
			isa = XCConfigurationList;
			buildConfigurations = (
				04E31F011D069FED009A30D4 /* Debug */,
				04E31F021D069FED009A30D4 /* Release */,
			);
			defaultConfigurationIsVisible = 0;
		};
/* End XCConfigurationList section */
	};
	rootObject = 04E31EC51D069FED009A30D4 /* Project object */;
}
